
Microsoft Visual Studio Solution File, Format Version 12.00
# Visual Studio 2013
VisualStudioVersion = 12.0.30723.0
MinimumVisualStudioVersion = 10.0.40219.1
Project("{2150E333-8FDC-42A3-9474-1A3956D46DE8}") = "Turistapp4", "Turistapp4", "{23AA5D5E-36CE-4ABA-96A0-5BCE89663F8A}"
EndProject
Project("{D954291E-2A0B-460D-934E-DC6B0785DB48}") = "Turistapp4.Shared", "Turistapp4\Turistapp4.Shared\Turistapp4.Shared.shproj", "{4EE2E85A-A37A-439B-9A1F-D8878D5F6D73}"
EndProject
Project("{FAE04EC0-301F-11D3-BF4B-00C04F79EFBC}") = "Turistapp4.Windows", "Turistapp4\Turistapp4.Windows\Turistapp4.Windows.csproj", "{98526A03-4664-4EBD-8A3D-4CB0613CE842}"
EndProject
Project("{F088123C-0E9E-452A-89E6-6BA2F21D5CAC}") = "Diagram", "ModelingProject1\Diagram.modelproj", "{E3C9ECB7-A08F-4314-9793-525A71A380F0}"
EndProject
Global
	GlobalSection(SharedMSBuildProjectFiles) = preSolution
		Turistapp4\Turistapp4.Shared\Turistapp4.Shared.projitems*{98526a03-4664-4ebd-8a3d-4cb0613ce842}*SharedItemsImports = 4
		Turistapp4\Turistapp4.Shared\Turistapp4.Shared.projitems*{4ee2e85a-a37a-439b-9a1f-d8878d5f6d73}*SharedItemsImports = 13
	EndGlobalSection
	GlobalSection(SolutionConfigurationPlatforms) = preSolution
		Debug|Any CPU = Debug|Any CPU
		Debug|ARM = Debug|ARM
		Debug|x64 = Debug|x64
		Debug|x86 = Debug|x86
		Release|Any CPU = Release|Any CPU
		Release|ARM = Release|ARM
		Release|x64 = Release|x64
		Release|x86 = Release|x86
	EndGlobalSection
	GlobalSection(ProjectConfigurationPlatforms) = postSolution
		{98526A03-4664-4EBD-8A3D-4CB0613CE842}.Debug|Any CPU.ActiveCfg = Debug|Any CPU
		{98526A03-4664-4EBD-8A3D-4CB0613CE842}.Debug|Any CPU.Build.0 = Debug|Any CPU
		{98526A03-4664-4EBD-8A3D-4CB0613CE842}.Debug|Any CPU.Deploy.0 = Debug|Any CPU
		{98526A03-4664-4EBD-8A3D-4CB0613CE842}.Debug|ARM.ActiveCfg = Debug|ARM
		{98526A03-4664-4EBD-8A3D-4CB0613CE842}.Debug|ARM.Build.0 = Debug|ARM
		{98526A03-4664-4EBD-8A3D-4CB0613CE842}.Debug|ARM.Deploy.0 = Debug|ARM
		{98526A03-4664-4EBD-8A3D-4CB0613CE842}.Debug|x64.ActiveCfg = Debug|x64
		{98526A03-4664-4EBD-8A3D-4CB0613CE842}.Debug|x64.Build.0 = Debug|x64
		{98526A03-4664-4EBD-8A3D-4CB0613CE842}.Debug|x64.Deploy.0 = Debug|x64
		{98526A03-4664-4EBD-8A3D-4CB0613CE842}.Debug|x86.ActiveCfg = Debug|x86
		{98526A03-4664-4EBD-8A3D-4CB0613CE842}.Debug|x86.Build.0 = Debug|x86
		{98526A03-4664-4EBD-8A3D-4CB0613CE842}.Debug|x86.Deploy.0 = Debug|x86
		{98526A03-4664-4EBD-8A3D-4CB0613CE842}.Release|Any CPU.ActiveCfg = Release|Any CPU
		{98526A03-4664-4EBD-8A3D-4CB0613CE842}.Release|Any CPU.Build.0 = Release|Any CPU
		{98526A03-4664-4EBD-8A3D-4CB0613CE842}.Release|Any CPU.Deploy.0 = Release|Any CPU
		{98526A03-4664-4EBD-8A3D-4CB0613CE842}.Release|ARM.ActiveCfg = Release|ARM
		{98526A03-4664-4EBD-8A3D-4CB0613CE842}.Release|ARM.Build.0 = Release|ARM
		{98526A03-4664-4EBD-8A3D-4CB0613CE842}.Release|ARM.Deploy.0 = Release|ARM
		{98526A03-4664-4EBD-8A3D-4CB0613CE842}.Release|x64.ActiveCfg = Release|x64
		{98526A03-4664-4EBD-8A3D-4CB0613CE842}.Release|x64.Build.0 = Release|x64
		{98526A03-4664-4EBD-8A3D-4CB0613CE842}.Release|x64.Deploy.0 = Release|x64
		{98526A03-4664-4EBD-8A3D-4CB0613CE842}.Release|x86.ActiveCfg = Release|x86
		{98526A03-4664-4EBD-8A3D-4CB0613CE842}.Release|x86.Build.0 = Release|x86
		{98526A03-4664-4EBD-8A3D-4CB0613CE842}.Release|x86.Deploy.0 = Release|x86
		{E3C9ECB7-A08F-4314-9793-525A71A380F0}.Debug|Any CPU.ActiveCfg = Debug|Any CPU
		{E3C9ECB7-A08F-4314-9793-525A71A380F0}.Debug|Any CPU.Build.0 = Debug|Any CPU
		{E3C9ECB7-A08F-4314-9793-525A71A380F0}.Debug|ARM.ActiveCfg = Debug|Any CPU
		{E3C9ECB7-A08F-4314-9793-525A71A380F0}.Debug|x64.ActiveCfg = Debug|Any CPU
		{E3C9ECB7-A08F-4314-9793-525A71A380F0}.Debug|x86.ActiveCfg = Debug|Any CPU
		{E3C9ECB7-A08F-4314-9793-525A71A380F0}.Release|Any CPU.ActiveCfg = Release|Any CPU
		{E3C9ECB7-A08F-4314-9793-525A71A380F0}.Release|Any CPU.Build.0 = Release|Any CPU
		{E3C9ECB7-A08F-4314-9793-525A71A380F0}.Release|ARM.ActiveCfg = Release|Any CPU
		{E3C9ECB7-A08F-4314-9793-525A71A380F0}.Release|x64.ActiveCfg = Release|Any CPU
		{E3C9ECB7-A08F-4314-9793-525A71A380F0}.Release|x86.ActiveCfg = Release|Any CPU
	EndGlobalSection
	GlobalSection(SolutionProperties) = preSolution
		HideSolutionNode = FALSE
	EndGlobalSection
	GlobalSection(NestedProjects) = preSolution
		{4EE2E85A-A37A-439B-9A1F-D8878D5F6D73} = {23AA5D5E-36CE-4ABA-96A0-5BCE89663F8A}
		{98526A03-4664-4EBD-8A3D-4CB0613CE842} = {23AA5D5E-36CE-4ABA-96A0-5BCE89663F8A}
		{E3C9ECB7-A08F-4314-9793-525A71A380F0} = {23AA5D5E-36CE-4ABA-96A0-5BCE89663F8A}
	EndGlobalSection
EndGlobal
